{
  "version": 4,
  "terraform_version": "0.15.0",
  "serial": 9,
  "lineage": "1eb0f565-d6fb-3f2d-089d-091484a2c288",
  "outputs": {
    "ip": {
      "value": "35.233.234.251",
      "type": "string"
    }
  },
  "resources": [
    {
      "mode": "managed",
      "type": "google_compute_instance",
      "name": "Practica12VM",
      "provider": "provider[\"registry.terraform.io/hashicorp/google\"]",
      "instances": [
        {
          "schema_version": 6,
          "attributes": {
            "allow_stopping_for_update": null,
            "attached_disk": [],
            "boot_disk": [
              {
                "auto_delete": true,
                "device_name": "persistent-disk-0",
                "disk_encryption_key_raw": "",
                "disk_encryption_key_sha256": "",
                "initialize_params": [
                  {
                    "image": "https://www.googleapis.com/compute/v1/projects/debian-cloud/global/images/debian-9-stretch-v20210420",
                    "labels": {},
                    "size": 10,
                    "type": "pd-standard"
                  }
                ],
                "kms_key_self_link": "",
                "mode": "READ_WRITE",
                "source": "https://www.googleapis.com/compute/v1/projects/practica12-312004/zones/us-west1-a/disks/practica12-terraform-9aaf39c1a96c26cd"
              }
            ],
            "can_ip_forward": false,
            "confidential_instance_config": [],
            "cpu_platform": "Intel Broadwell",
            "current_status": "RUNNING",
            "deletion_protection": false,
            "description": "",
            "desired_status": null,
            "enable_display": false,
            "guest_accelerator": [],
            "hostname": "",
            "id": "projects/practica12-312004/zones/us-west1-a/instances/practica12-terraform-9aaf39c1a96c26cd",
            "instance_id": "5916886467877676450",
            "label_fingerprint": "42WmSpB8rSM=",
            "labels": null,
            "machine_type": "f1-micro",
            "metadata": {
              "ssh-keys": "ka_sa:ssh-rsa AAAAB3NzaC1yc2EAAAADAQABAAABgQDO3rXBJYNlvc41sf0+DnCQKDJizARO7TZNpjtC90FSCmK9HgX1HzJYcUXmJtZ2QjzwyKrg7iOlU/fcbQ+75ZlboDRyaUghQb+w9ZDLMKzjNFwx22UMt9w4Xu7ngY9QAe7QaItNMUi2sTUCsvpB3+T0Ugk8aOFKKmP94hxVAI4iGBXI7LrXsfLjSBwTV0oDEMaWAZXwAhI8BVu2Yu3EkyaE8F8oZOzk+n2fGGq3QV47/2Z/AKKOubnokY1gjYI79huhFlD//iRswGU3CdqLZ2S1M9QqBGxa3XNWddqvNt3c+kbJsBMK9+pOjWoTfzr5xLnLGkLNKus9gep5PUO+9xnvlokX3y+rg4yOsaW+an99G7KTihzu434IFcpw0QDohFo4UiA+MAjObOJp3AnoptS6dT4Ngdtn0dliHWPVnZ6yBECNojP3LP/VT787EUFfwA2fZCnZ2B4KuBxs4sd3JvqHwnX44dPXcAgB68NZbw4qFI9sWD5OzzTgKchepq6Kg4U= ka_sa\r\n"
            },
            "metadata_fingerprint": "GZFonJFsDl0=",
            "metadata_startup_script": "sudo apt-get update; sudo apt-get install -yq build-essential python-pip rsync; pip install flask",
            "min_cpu_platform": "",
            "name": "practica12-terraform-9aaf39c1a96c26cd",
            "network_interface": [
              {
                "access_config": [
                  {
                    "nat_ip": "35.233.234.251",
                    "network_tier": "PREMIUM",
                    "public_ptr_domain_name": ""
                  }
                ],
                "alias_ip_range": [],
                "name": "nic0",
                "network": "https://www.googleapis.com/compute/v1/projects/practica12-312004/global/networks/default",
                "network_ip": "10.138.0.3",
                "nic_type": "",
                "subnetwork": "https://www.googleapis.com/compute/v1/projects/practica12-312004/regions/us-west1/subnetworks/default",
                "subnetwork_project": "practica12-312004"
              }
            ],
            "project": "practica12-312004",
            "resource_policies": null,
            "scheduling": [
              {
                "automatic_restart": true,
                "min_node_cpus": 0,
                "node_affinities": [],
                "on_host_maintenance": "MIGRATE",
                "preemptible": false
              }
            ],
            "scratch_disk": [],
            "self_link": "https://www.googleapis.com/compute/v1/projects/practica12-312004/zones/us-west1-a/instances/practica12-terraform-9aaf39c1a96c26cd",
            "service_account": [],
            "shielded_instance_config": [],
            "tags": null,
            "tags_fingerprint": "42WmSpB8rSM=",
            "timeouts": {
              "create": null,
              "delete": null,
              "update": null
            },
            "zone": "us-west1-a"
          },
          "sensitive_attributes": [],
          "private": "eyJlMmJmYjczMC1lY2FhLTExZTYtOGY4OC0zNDM2M2JjN2M0YzAiOnsiY3JlYXRlIjoxMjAwMDAwMDAwMDAwLCJkZWxldGUiOjEyMDAwMDAwMDAwMDAsInVwZGF0ZSI6MTIwMDAwMDAwMDAwMH0sInNjaGVtYV92ZXJzaW9uIjoiNiJ9",
          "dependencies": [
            "random_id.instance_id"
          ]
        }
      ]
    },
    {
      "mode": "managed",
      "type": "random_id",
      "name": "instance_id",
      "provider": "provider[\"registry.terraform.io/hashicorp/random\"]",
      "instances": [
        {
          "schema_version": 0,
          "attributes": {
            "b64_std": "mq85walsJs0=",
            "b64_url": "mq85walsJs0",
            "byte_length": 8,
            "dec": "11146191106699175629",
            "hex": "9aaf39c1a96c26cd",
            "id": "mq85walsJs0",
            "keepers": null,
            "prefix": null
          },
          "sensitive_attributes": [],
          "private": "bnVsbA=="
        }
      ]
    }
  ]
}
